// !$*UTF8*$!
{
	archiveVersion = 1;
	classes = {
	};
	objectVersion = 55;
	objects = {

/* Begin PBXBuildFile section */
		DA36B8E82836712A0028142D /* main.cpp in Sources */ = {isa = PBXBuildFile; fileRef = DA36B8E72836712A0028142D /* main.cpp */; };
		DA5ACE77283E4FFE00560F9A /* libSDL2-2.0.0.dylib in Frameworks */ = {isa = PBXBuildFile; fileRef = DA5ACE76283E4FFE00560F9A /* libSDL2-2.0.0.dylib */; };
		DA5ACE79283E529800560F9A /* libSDL2_image-2.0.0.dylib in Frameworks */ = {isa = PBXBuildFile; fileRef = DA5ACE78283E529800560F9A /* libSDL2_image-2.0.0.dylib */; };
		DA5ACE7D2842436A00560F9A /* libSDL2_ttf-2.0.0.dylib in Frameworks */ = {isa = PBXBuildFile; fileRef = DA5ACE7C2842436A00560F9A /* libSDL2_ttf-2.0.0.dylib */; };
		DA5ACE80284243DE00560F9A /* text_rendering.cpp in Sources */ = {isa = PBXBuildFile; fileRef = DA5ACE7E284243DE00560F9A /* text_rendering.cpp */; };
		DAE84B97283AC7AA0024F8C5 /* zobra_hashing.cpp in Sources */ = {isa = PBXBuildFile; fileRef = DAE84B95283AC7AA0024F8C5 /* zobra_hashing.cpp */; };
		DAE84B9A283AC9B80024F8C5 /* utilities.cpp in Sources */ = {isa = PBXBuildFile; fileRef = DAE84B98283AC9B80024F8C5 /* utilities.cpp */; };
		DAE84B9D283ACCF90024F8C5 /* Board.cpp in Sources */ = {isa = PBXBuildFile; fileRef = DAE84B9B283ACCF90024F8C5 /* Board.cpp */; };
		DAE84BAE283C40AC0024F8C5 /* animation.cpp in Sources */ = {isa = PBXBuildFile; fileRef = DAE84BAC283C40AC0024F8C5 /* animation.cpp */; };
/* End PBXBuildFile section */

/* Begin PBXFileReference section */
		DA36B8E42836712A0028142D /* Chess */ = {isa = PBXFileReference; explicitFileType = "compiled.mach-o.executable"; includeInIndex = 0; path = Chess; sourceTree = BUILT_PRODUCTS_DIR; };
		DA36B8E72836712A0028142D /* main.cpp */ = {isa = PBXFileReference; lastKnownFileType = sourcecode.cpp.cpp; path = main.cpp; sourceTree = "<group>"; };
		DA5ACE76283E4FFE00560F9A /* libSDL2-2.0.0.dylib */ = {isa = PBXFileReference; lastKnownFileType = "compiled.mach-o.dylib"; name = "libSDL2-2.0.0.dylib"; path = "../../../../usr/local/Cellar/sdl2/2.0.22/lib/libSDL2-2.0.0.dylib"; sourceTree = "<group>"; };
		DA5ACE78283E529800560F9A /* libSDL2_image-2.0.0.dylib */ = {isa = PBXFileReference; lastKnownFileType = "compiled.mach-o.dylib"; name = "libSDL2_image-2.0.0.dylib"; path = "../../../../usr/local/Cellar/sdl2_image/2.0.5/lib/libSDL2_image-2.0.0.dylib"; sourceTree = "<group>"; };
		DA5ACE7A283F414800560F9A /* Blacks */ = {isa = PBXFileReference; lastKnownFileType = folder; path = Blacks; sourceTree = "<group>"; };
		DA5ACE7B283F415500560F9A /* Whites */ = {isa = PBXFileReference; lastKnownFileType = folder; path = Whites; sourceTree = "<group>"; };
		DA5ACE7C2842436A00560F9A /* libSDL2_ttf-2.0.0.dylib */ = {isa = PBXFileReference; lastKnownFileType = "compiled.mach-o.dylib"; name = "libSDL2_ttf-2.0.0.dylib"; path = "../../../../usr/local/Cellar/sdl2_ttf/2.0.18_1/lib/libSDL2_ttf-2.0.0.dylib"; sourceTree = "<group>"; };
		DA5ACE7E284243DE00560F9A /* text_rendering.cpp */ = {isa = PBXFileReference; lastKnownFileType = sourcecode.cpp.cpp; path = text_rendering.cpp; sourceTree = "<group>"; };
		DA5ACE7F284243DE00560F9A /* text_rendering.hpp */ = {isa = PBXFileReference; lastKnownFileType = sourcecode.cpp.h; path = text_rendering.hpp; sourceTree = "<group>"; };
		DA5ACE8128428EBD00560F9A /* Fonts */ = {isa = PBXFileReference; lastKnownFileType = folder; path = Fonts; sourceTree = "<group>"; };
		DA5ACE842844691A00560F9A /* PGNs */ = {isa = PBXFileReference; lastKnownFileType = folder; path = PGNs; sourceTree = "<group>"; };
		DA98A170285405A700F26CD8 /* redirected_output.txt */ = {isa = PBXFileReference; fileEncoding = 4; lastKnownFileType = text; path = redirected_output.txt; sourceTree = "<group>"; };
		DA98A1782859312D00F26CD8 /* stockfish */ = {isa = PBXFileReference; lastKnownFileType = "compiled.mach-o.executable"; path = stockfish; sourceTree = "<group>"; };
		DAE84B95283AC7AA0024F8C5 /* zobra_hashing.cpp */ = {isa = PBXFileReference; lastKnownFileType = sourcecode.cpp.cpp; path = zobra_hashing.cpp; sourceTree = "<group>"; };
		DAE84B96283AC7AA0024F8C5 /* zobra_hashing.hpp */ = {isa = PBXFileReference; lastKnownFileType = sourcecode.cpp.h; path = zobra_hashing.hpp; sourceTree = "<group>"; };
		DAE84B98283AC9B80024F8C5 /* utilities.cpp */ = {isa = PBXFileReference; lastKnownFileType = sourcecode.cpp.cpp; path = utilities.cpp; sourceTree = "<group>"; };
		DAE84B99283AC9B80024F8C5 /* utilities.hpp */ = {isa = PBXFileReference; lastKnownFileType = sourcecode.cpp.h; path = utilities.hpp; sourceTree = "<group>"; };
		DAE84B9B283ACCF90024F8C5 /* Board.cpp */ = {isa = PBXFileReference; lastKnownFileType = sourcecode.cpp.cpp; path = Board.cpp; sourceTree = "<group>"; };
		DAE84B9C283ACCF90024F8C5 /* Board.hpp */ = {isa = PBXFileReference; lastKnownFileType = sourcecode.cpp.h; path = Board.hpp; sourceTree = "<group>"; };
		DAE84BAC283C40AC0024F8C5 /* animation.cpp */ = {isa = PBXFileReference; lastKnownFileType = sourcecode.cpp.cpp; path = animation.cpp; sourceTree = "<group>"; };
		DAE84BAD283C40AC0024F8C5 /* animation.hpp */ = {isa = PBXFileReference; lastKnownFileType = sourcecode.cpp.h; path = animation.hpp; sourceTree = "<group>"; };
		DAE84BB7283D39300024F8C5 /* media */ = {isa = PBXFileReference; lastKnownFileType = folder; path = media; sourceTree = "<group>"; };
/* End PBXFileReference section */

/* Begin PBXFrameworksBuildPhase section */
		DA36B8E12836712A0028142D /* Frameworks */ = {
			isa = PBXFrameworksBuildPhase;
			buildActionMask = 2147483647;
			files = (
				DA5ACE7D2842436A00560F9A /* libSDL2_ttf-2.0.0.dylib in Frameworks */,
				DA5ACE79283E529800560F9A /* libSDL2_image-2.0.0.dylib in Frameworks */,
				DA5ACE77283E4FFE00560F9A /* libSDL2-2.0.0.dylib in Frameworks */,
			);
			runOnlyForDeploymentPostprocessing = 0;
		};
/* End PBXFrameworksBuildPhase section */

/* Begin PBXGroup section */
		DA36B8DB2836712A0028142D = {
			isa = PBXGroup;
			children = (
				DA36B8E62836712A0028142D /* Chess */,
				DA36B8E52836712A0028142D /* Products */,
				DA5ACE75283E4FFE00560F9A /* Frameworks */,
			);
			sourceTree = "<group>";
		};
		DA36B8E52836712A0028142D /* Products */ = {
			isa = PBXGroup;
			children = (
				DA36B8E42836712A0028142D /* Chess */,
			);
			name = Products;
			sourceTree = "<group>";
		};
		DA36B8E62836712A0028142D /* Chess */ = {
			isa = PBXGroup;
			children = (
				DA98A1782859312D00F26CD8 /* stockfish */,
				DA98A170285405A700F26CD8 /* redirected_output.txt */,
				DA5ACE842844691A00560F9A /* PGNs */,
				DA5ACE8128428EBD00560F9A /* Fonts */,
				DA5ACE7B283F415500560F9A /* Whites */,
				DA5ACE7A283F414800560F9A /* Blacks */,
				DAE84BB7283D39300024F8C5 /* media */,
				DA36B8E72836712A0028142D /* main.cpp */,
				DAE84B95283AC7AA0024F8C5 /* zobra_hashing.cpp */,
				DAE84B96283AC7AA0024F8C5 /* zobra_hashing.hpp */,
				DAE84B98283AC9B80024F8C5 /* utilities.cpp */,
				DAE84B99283AC9B80024F8C5 /* utilities.hpp */,
				DAE84B9B283ACCF90024F8C5 /* Board.cpp */,
				DAE84B9C283ACCF90024F8C5 /* Board.hpp */,
				DAE84BAC283C40AC0024F8C5 /* animation.cpp */,
				DAE84BAD283C40AC0024F8C5 /* animation.hpp */,
				DA5ACE7E284243DE00560F9A /* text_rendering.cpp */,
				DA5ACE7F284243DE00560F9A /* text_rendering.hpp */,
			);
			path = Chess;
			sourceTree = "<group>";
		};
		DA5ACE75283E4FFE00560F9A /* Frameworks */ = {
			isa = PBXGroup;
			children = (
				DA5ACE7C2842436A00560F9A /* libSDL2_ttf-2.0.0.dylib */,
				DA5ACE78283E529800560F9A /* libSDL2_image-2.0.0.dylib */,
				DA5ACE76283E4FFE00560F9A /* libSDL2-2.0.0.dylib */,
			);
			name = Frameworks;
			sourceTree = "<group>";
		};
/* End PBXGroup section */

/* Begin PBXNativeTarget section */
		DA36B8E32836712A0028142D /* Chess */ = {
			isa = PBXNativeTarget;
			buildConfigurationList = DA36B8EB2836712A0028142D /* Build configuration list for PBXNativeTarget "Chess" */;
			buildPhases = (
				DA36B8E02836712A0028142D /* Sources */,
				DA36B8E12836712A0028142D /* Frameworks */,
			);
			buildRules = (
			);
			dependencies = (
			);
			name = Chess;
			productName = Chess;
			productReference = DA36B8E42836712A0028142D /* Chess */;
			productType = "com.apple.product-type.tool";
		};
/* End PBXNativeTarget section */

/* Begin PBXProject section */
		DA36B8DC2836712A0028142D /* Project object */ = {
			isa = PBXProject;
			attributes = {
				BuildIndependentTargetsInParallel = 1;
				LastUpgradeCheck = 1340;
				TargetAttributes = {
					DA36B8E32836712A0028142D = {
						CreatedOnToolsVersion = 13.4;
					};
				};
			};
			buildConfigurationList = DA36B8DF2836712A0028142D /* Build configuration list for PBXProject "Chess" */;
			compatibilityVersion = "Xcode 13.0";
			developmentRegion = en;
			hasScannedForEncodings = 0;
			knownRegions = (
				en,
				Base,
			);
			mainGroup = DA36B8DB2836712A0028142D;
			productRefGroup = DA36B8E52836712A0028142D /* Products */;
			projectDirPath = "";
			projectRoot = "";
			targets = (
				DA36B8E32836712A0028142D /* Chess */,
			);
		};
/* End PBXProject section */

/* Begin PBXSourcesBuildPhase section */
		DA36B8E02836712A0028142D /* Sources */ = {
			isa = PBXSourcesBuildPhase;
			buildActionMask = 2147483647;
			files = (
				DAE84B9A283AC9B80024F8C5 /* utilities.cpp in Sources */,
				DAE84BAE283C40AC0024F8C5 /* animation.cpp in Sources */,
				DA36B8E82836712A0028142D /* main.cpp in Sources */,
				DAE84B9D283ACCF90024F8C5 /* Board.cpp in Sources */,
				DAE84B97283AC7AA0024F8C5 /* zobra_hashing.cpp in Sources */,
				DA5ACE80284243DE00560F9A /* text_rendering.cpp in Sources */,
			);
			runOnlyForDeploymentPostprocessing = 0;
		};
/* End PBXSourcesBuildPhase section */

/* Begin XCBuildConfiguration section */
		DA36B8E92836712A0028142D /* Debug */ = {
			isa = XCBuildConfiguration;
			buildSettings = {
				ALWAYS_SEARCH_USER_PATHS = NO;
				CLANG_ANALYZER_NONNULL = YES;
				CLANG_ANALYZER_NUMBER_OBJECT_CONVERSION = YES_AGGRESSIVE;
				CLANG_CXX_LANGUAGE_STANDARD = "gnu++17";
				CLANG_ENABLE_MODULES = YES;
				CLANG_ENABLE_OBJC_ARC = YES;
				CLANG_ENABLE_OBJC_WEAK = YES;
				CLANG_WARN_BLOCK_CAPTURE_AUTORELEASING = YES;
				CLANG_WARN_BOOL_CONVERSION = YES;
				CLANG_WARN_COMMA = YES;
				CLANG_WARN_CONSTANT_CONVERSION = YES;
				CLANG_WARN_DEPRECATED_OBJC_IMPLEMENTATIONS = YES;
				CLANG_WARN_DIRECT_OBJC_ISA_USAGE = YES_ERROR;
				CLANG_WARN_DOCUMENTATION_COMMENTS = YES;
				CLANG_WARN_EMPTY_BODY = YES;
				CLANG_WARN_ENUM_CONVERSION = YES;
				CLANG_WARN_INFINITE_RECURSION = YES;
				CLANG_WARN_INT_CONVERSION = YES;
				CLANG_WARN_NON_LITERAL_NULL_CONVERSION = YES;
				CLANG_WARN_OBJC_IMPLICIT_RETAIN_SELF = YES;
				CLANG_WARN_OBJC_LITERAL_CONVERSION = YES;
				CLANG_WARN_OBJC_ROOT_CLASS = YES_ERROR;
				CLANG_WARN_QUOTED_INCLUDE_IN_FRAMEWORK_HEADER = YES;
				CLANG_WARN_RANGE_LOOP_ANALYSIS = YES;
				CLANG_WARN_STRICT_PROTOTYPES = YES;
				CLANG_WARN_SUSPICIOUS_MOVE = YES;
				CLANG_WARN_UNGUARDED_AVAILABILITY = YES_AGGRESSIVE;
				CLANG_WARN_UNREACHABLE_CODE = YES;
				CLANG_WARN__DUPLICATE_METHOD_MATCH = YES;
				COPY_PHASE_STRIP = NO;
				DEBUG_INFORMATION_FORMAT = dwarf;
				ENABLE_STRICT_OBJC_MSGSEND = YES;
				ENABLE_TESTABILITY = YES;
				GCC_C_LANGUAGE_STANDARD = gnu11;
				GCC_DYNAMIC_NO_PIC = NO;
				GCC_NO_COMMON_BLOCKS = YES;
				GCC_OPTIMIZATION_LEVEL = 0;
				GCC_PREPROCESSOR_DEFINITIONS = (
					"DEBUG=1",
					"$(inherited)",
				);
				GCC_WARN_64_TO_32_BIT_CONVERSION = YES;
				GCC_WARN_ABOUT_RETURN_TYPE = YES_ERROR;
				GCC_WARN_UNDECLARED_SELECTOR = YES;
				GCC_WARN_UNINITIALIZED_AUTOS = YES_AGGRESSIVE;
				GCC_WARN_UNUSED_FUNCTION = YES;
				GCC_WARN_UNUSED_VARIABLE = YES;
				MACOSX_DEPLOYMENT_TARGET = 12.3;
				MTL_ENABLE_DEBUG_INFO = INCLUDE_SOURCE;
				MTL_FAST_MATH = YES;
				ONLY_ACTIVE_ARCH = YES;
				SDKROOT = macosx;
			};
			name = Debug;
		};
		DA36B8EA2836712A0028142D /* Release */ = {
			isa = XCBuildConfiguration;
			buildSettings = {
				ALWAYS_SEARCH_USER_PATHS = NO;
				CLANG_ANALYZER_NONNULL = YES;
				CLANG_ANALYZER_NUMBER_OBJECT_CONVERSION = YES_AGGRESSIVE;
				CLANG_CXX_LANGUAGE_STANDARD = "gnu++17";
				CLANG_ENABLE_MODULES = YES;
				CLANG_ENABLE_OBJC_ARC = YES;
				CLANG_ENABLE_OBJC_WEAK = YES;
				CLANG_WARN_BLOCK_CAPTURE_AUTORELEASING = YES;
				CLANG_WARN_BOOL_CONVERSION = YES;
				CLANG_WARN_COMMA = YES;
				CLANG_WARN_CONSTANT_CONVERSION = YES;
				CLANG_WARN_DEPRECATED_OBJC_IMPLEMENTATIONS = YES;
				CLANG_WARN_DIRECT_OBJC_ISA_USAGE = YES_ERROR;
				CLANG_WARN_DOCUMENTATION_COMMENTS = YES;
				CLANG_WARN_EMPTY_BODY = YES;
				CLANG_WARN_ENUM_CONVERSION = YES;
				CLANG_WARN_INFINITE_RECURSION = YES;
				CLANG_WARN_INT_CONVERSION = YES;
				CLANG_WARN_NON_LITERAL_NULL_CONVERSION = YES;
				CLANG_WARN_OBJC_IMPLICIT_RETAIN_SELF = YES;
				CLANG_WARN_OBJC_LITERAL_CONVERSION = YES;
				CLANG_WARN_OBJC_ROOT_CLASS = YES_ERROR;
				CLANG_WARN_QUOTED_INCLUDE_IN_FRAMEWORK_HEADER = YES;
				CLANG_WARN_RANGE_LOOP_ANALYSIS = YES;
				CLANG_WARN_STRICT_PROTOTYPES = YES;
				CLANG_WARN_SUSPICIOUS_MOVE = YES;
				CLANG_WARN_UNGUARDED_AVAILABILITY = YES_AGGRESSIVE;
				CLANG_WARN_UNREACHABLE_CODE = YES;
				CLANG_WARN__DUPLICATE_METHOD_MATCH = YES;
				COPY_PHASE_STRIP = NO;
				DEBUG_INFORMATION_FORMAT = "dwarf-with-dsym";
				ENABLE_NS_ASSERTIONS = NO;
				ENABLE_STRICT_OBJC_MSGSEND = YES;
				GCC_C_LANGUAGE_STANDARD = gnu11;
				GCC_NO_COMMON_BLOCKS = YES;
				GCC_WARN_64_TO_32_BIT_CONVERSION = YES;
				GCC_WARN_ABOUT_RETURN_TYPE = YES_ERROR;
				GCC_WARN_UNDECLARED_SELECTOR = YES;
				GCC_WARN_UNINITIALIZED_AUTOS = YES_AGGRESSIVE;
				GCC_WARN_UNUSED_FUNCTION = YES;
				GCC_WARN_UNUSED_VARIABLE = YES;
				MACOSX_DEPLOYMENT_TARGET = 12.3;
				MTL_ENABLE_DEBUG_INFO = NO;
				MTL_FAST_MATH = YES;
				SDKROOT = macosx;
			};
			name = Release;
		};
		DA36B8EC2836712A0028142D /* Debug */ = {
			isa = XCBuildConfiguration;
			buildSettings = {
				CODE_SIGN_STYLE = Automatic;
				FRAMEWORK_SEARCH_PATHS = (
					"$(inherited)",
					"$(LOCAL_LIBRARY_DIR)/Frameworks",
				);
				HEADER_SEARCH_PATHS = /usr/local/include;
				LIBRARY_SEARCH_PATHS = (
					"$(inherited)",
					/usr/local/Cellar/sdl2/2.0.22/lib,
					/usr/local/Cellar/sdl2_image/2.0.5/lib,
					/usr/local/Cellar/sdl2_ttf/2.0.18_1/lib,
				);
				PRODUCT_NAME = "$(TARGET_NAME)";
			};
			name = Debug;
		};
		DA36B8ED2836712A0028142D /* Release */ = {
			isa = XCBuildConfiguration;
			buildSettings = {
				CODE_SIGN_STYLE = Automatic;
				FRAMEWORK_SEARCH_PATHS = (
					"$(inherited)",
					"$(LOCAL_LIBRARY_DIR)/Frameworks",
				);
				HEADER_SEARCH_PATHS = /usr/local/include;
				LIBRARY_SEARCH_PATHS = (
					"$(inherited)",
					/usr/local/Cellar/sdl2/2.0.22/lib,
					/usr/local/Cellar/sdl2_image/2.0.5/lib,
					/usr/local/Cellar/sdl2_ttf/2.0.18_1/lib,
				);
				PRODUCT_NAME = "$(TARGET_NAME)";
			};
			name = Release;
		};
/* End XCBuildConfiguration section */

/* Begin XCConfigurationList section */
		DA36B8DF2836712A0028142D /* Build configuration list for PBXProject "Chess" */ = {
			isa = XCConfigurationList;
			buildConfigurations = (
				DA36B8E92836712A0028142D /* Debug */,
				DA36B8EA2836712A0028142D /* Release */,
			);
			defaultConfigurationIsVisible = 0;
			defaultConfigurationName = Release;
		};
		DA36B8EB2836712A0028142D /* Build configuration list for PBXNativeTarget "Chess" */ = {
			isa = XCConfigurationList;
			buildConfigurations = (
				DA36B8EC2836712A0028142D /* Debug */,
				DA36B8ED2836712A0028142D /* Release */,
			);
			defaultConfigurationIsVisible = 0;
			defaultConfigurationName = Release;
		};
/* End XCConfigurationList section */
	};
	rootObject = DA36B8DC2836712A0028142D /* Project object */;
}
